
Microsoft Visual Studio Solution File, Format Version 12.00
# Visual Studio Version 16
VisualStudioVersion = 16.0.31424.327
MinimumVisualStudioVersion = 10.0.40219.1
Project("{FAE04EC0-301F-11D3-BF4B-00C04F79EFBC}") = "Ang9_v1", "Ang9_v1\Ang9_v1.csproj", "{97E331EC-A25E-409E-BCAD-474DA02BFC27}"
EndProject
Global
	GlobalSection(SolutionConfigurationPlatforms) = preSolution
		Debug|Any CPU = Debug|Any CPU
		Release|Any CPU = Release|Any CPU
	EndGlobalSection
	GlobalSection(ProjectConfigurationPlatforms) = postSolution
		{97E331EC-A25E-409E-BCAD-474DA02BFC27}.Debug|Any CPU.ActiveCfg = Debug|Any CPU
		{97E331EC-A25E-409E-BCAD-474DA02BFC27}.Debug|Any CPU.Build.0 = Debug|Any CPU
		{97E331EC-A25E-409E-BCAD-474DA02BFC27}.Release|Any CPU.ActiveCfg = Release|Any CPU
		{97E331EC-A25E-409E-BCAD-474DA02BFC27}.Release|Any CPU.Build.0 = Release|Any CPU
	EndGlobalSection
	GlobalSection(SolutionProperties) = preSolution
		HideSolutionNode = FALSE
	EndGlobalSection
	GlobalSection(ExtensibilityGlobals) = postSolution
		SolutionGuid = {5B086390-E073-4EA7-8FB4-36EAD5100A4F}
	EndGlobalSection
EndGlobal
